
Microsoft Visual Studio Solution File, Format Version 12.00
# Visual Studio Version 16
VisualStudioVersion = 16.0.31515.178
MinimumVisualStudioVersion = 10.0.40219.1
Project("{9A19103F-16F7-4668-BE54-9A1E7A4F7556}") = "HideWithCanvasVRC", "HideWithCanvasVRC\HideWithCanvasVRC.csproj", "{492C87F2-B688-46EF-88F4-89C0D145F43D}"
EndProject
Global
	GlobalSection(SolutionConfigurationPlatforms) = preSolution
		Debug|Any CPU = Debug|Any CPU
		Release|Any CPU = Release|Any CPU
	EndGlobalSection
	GlobalSection(ProjectConfigurationPlatforms) = postSolution
		{492C87F2-B688-46EF-88F4-89C0D145F43D}.Debug|Any CPU.ActiveCfg = Debug|Any CPU
		{492C87F2-B688-46EF-88F4-89C0D145F43D}.Debug|Any CPU.Build.0 = Debug|Any CPU
		{492C87F2-B688-46EF-88F4-89C0D145F43D}.Release|Any CPU.ActiveCfg = Release|Any CPU
		{492C87F2-B688-46EF-88F4-89C0D145F43D}.Release|Any CPU.Build.0 = Release|Any CPU
	EndGlobalSection
	GlobalSection(SolutionProperties) = preSolution
		HideSolutionNode = FALSE
	EndGlobalSection
	GlobalSection(ExtensibilityGlobals) = postSolution
		SolutionGuid = {C82D684A-3573-403C-82BD-0B10783DE8FD}
	EndGlobalSection
EndGlobal
