
Microsoft Visual Studio Solution File, Format Version 12.00
Project("{FAE04EC0-301F-11D3-BF4B-00C04F79EFBC}") = "LabratUIKit", "LabratUIKit\LabratUIKit.csproj", "{CBE73966-DC07-4A1D-807E-544AC097ADC6}"
EndProject
Global
	GlobalSection(SolutionConfigurationPlatforms) = preSolution
		Debug|Any CPU = Debug|Any CPU
		Release|Any CPU = Release|Any CPU
	EndGlobalSection
	GlobalSection(ProjectConfigurationPlatforms) = postSolution
		{CBE73966-DC07-4A1D-807E-544AC097ADC6}.Debug|Any CPU.ActiveCfg = Debug|Any CPU
		{CBE73966-DC07-4A1D-807E-544AC097ADC6}.Debug|Any CPU.Build.0 = Debug|Any CPU
		{CBE73966-DC07-4A1D-807E-544AC097ADC6}.Release|Any CPU.ActiveCfg = Release|Any CPU
		{CBE73966-DC07-4A1D-807E-544AC097ADC6}.Release|Any CPU.Build.0 = Release|Any CPU
	EndGlobalSection
EndGlobal
