
Microsoft Visual Studio Solution File, Format Version 12.00
Project("{FAE04EC0-301F-11D3-BF4B-00C04F79EFBC}") = "CustomLabratNPC", "CustomLabratNPC\CustomLabratNPC.csproj", "{9247AEB0-B59D-4E52-A8FA-2CD3B6196E67}"
EndProject
Project("{FAE04EC0-301F-11D3-BF4B-00C04F79EFBC}") = "CustomLabratNPC-Editor", "CustomLabratNPC-Editor\CustomLabratNPC-Editor.csproj", "{9A20AF3F-5744-4EAE-9B2A-A417DE2DDB2B}"
EndProject
Global
	GlobalSection(SolutionConfigurationPlatforms) = preSolution
		Debug|Any CPU = Debug|Any CPU
		Release|Any CPU = Release|Any CPU
	EndGlobalSection
	GlobalSection(ProjectConfigurationPlatforms) = postSolution
		{9247AEB0-B59D-4E52-A8FA-2CD3B6196E67}.Debug|Any CPU.ActiveCfg = Debug|Any CPU
		{9247AEB0-B59D-4E52-A8FA-2CD3B6196E67}.Debug|Any CPU.Build.0 = Debug|Any CPU
		{9247AEB0-B59D-4E52-A8FA-2CD3B6196E67}.Release|Any CPU.ActiveCfg = Release|Any CPU
		{9247AEB0-B59D-4E52-A8FA-2CD3B6196E67}.Release|Any CPU.Build.0 = Release|Any CPU
		{9A20AF3F-5744-4EAE-9B2A-A417DE2DDB2B}.Debug|Any CPU.ActiveCfg = Debug|Any CPU
		{9A20AF3F-5744-4EAE-9B2A-A417DE2DDB2B}.Debug|Any CPU.Build.0 = Debug|Any CPU
		{9A20AF3F-5744-4EAE-9B2A-A417DE2DDB2B}.Release|Any CPU.ActiveCfg = Release|Any CPU
		{9A20AF3F-5744-4EAE-9B2A-A417DE2DDB2B}.Release|Any CPU.Build.0 = Release|Any CPU
	EndGlobalSection
EndGlobal
